// !$*UTF8*$!
{
	archiveVersion = 1;
	classes = {
	};
	objectVersion = 55;
	objects = {

/* Begin PBXBuildFile section */
		ED8088E7273AA3F300682F2E /* AppDelegate.swift in Sources */ = {isa = PBXBuildFile; fileRef = ED8088E6273AA3F300682F2E /* AppDelegate.swift */; };
		ED8088E9273AA3F300682F2E /* SceneDelegate.swift in Sources */ = {isa = PBXBuildFile; fileRef = ED8088E8273AA3F300682F2E /* SceneDelegate.swift */; };
		ED8088EB273AA3F300682F2E /* ViewController.swift in Sources */ = {isa = PBXBuildFile; fileRef = ED8088EA273AA3F300682F2E /* ViewController.swift */; };
		ED8088EE273AA3F300682F2E /* Main.storyboard in Resources */ = {isa = PBXBuildFile; fileRef = ED8088EC273AA3F300682F2E /* Main.storyboard */; };
		ED8088F0273AA3F500682F2E /* Assets.xcassets in Resources */ = {isa = PBXBuildFile; fileRef = ED8088EF273AA3F500682F2E /* Assets.xcassets */; };
		ED8088F3273AA3F500682F2E /* LaunchScreen.storyboard in Resources */ = {isa = PBXBuildFile; fileRef = ED8088F1273AA3F500682F2E /* LaunchScreen.storyboard */; };
		ED8088FE273AA3F500682F2E /* contansTests.swift in Sources */ = {isa = PBXBuildFile; fileRef = ED8088FD273AA3F500682F2E /* contansTests.swift */; };
		ED808908273AA3F500682F2E /* contansUITests.swift in Sources */ = {isa = PBXBuildFile; fileRef = ED808907273AA3F500682F2E /* contansUITests.swift */; };
		ED80890A273AA3F500682F2E /* contansUITestsLaunchTests.swift in Sources */ = {isa = PBXBuildFile; fileRef = ED808909273AA3F500682F2E /* contansUITestsLaunchTests.swift */; };
/* End PBXBuildFile section */

/* Begin PBXContainerItemProxy section */
		ED8088FA273AA3F500682F2E /* PBXContainerItemProxy */ = {
			isa = PBXContainerItemProxy;
			containerPortal = ED8088DB273AA3F300682F2E /* Project object */;
			proxyType = 1;
			remoteGlobalIDString = ED8088E2273AA3F300682F2E;
			remoteInfo = contans;
		};
		ED808904273AA3F500682F2E /* PBXContainerItemProxy */ = {
			isa = PBXContainerItemProxy;
			containerPortal = ED8088DB273AA3F300682F2E /* Project object */;
			proxyType = 1;
			remoteGlobalIDString = ED8088E2273AA3F300682F2E;
			remoteInfo = contans;
		};
/* End PBXContainerItemProxy section */

/* Begin PBXFileReference section */
		ED8088E3273AA3F300682F2E /* contans.app */ = {isa = PBXFileReference; explicitFileType = wrapper.application; includeInIndex = 0; path = contans.app; sourceTree = BUILT_PRODUCTS_DIR; };
		ED8088E6273AA3F300682F2E /* AppDelegate.swift */ = {isa = PBXFileReference; lastKnownFileType = sourcecode.swift; path = AppDelegate.swift; sourceTree = "<group>"; };
		ED8088E8273AA3F300682F2E /* SceneDelegate.swift */ = {isa = PBXFileReference; lastKnownFileType = sourcecode.swift; path = SceneDelegate.swift; sourceTree = "<group>"; };
		ED8088EA273AA3F300682F2E /* ViewController.swift */ = {isa = PBXFileReference; lastKnownFileType = sourcecode.swift; path = ViewController.swift; sourceTree = "<group>"; };
		ED8088ED273AA3F300682F2E /* Base */ = {isa = PBXFileReference; lastKnownFileType = file.storyboard; name = Base; path = Base.lproj/Main.storyboard; sourceTree = "<group>"; };
		ED8088EF273AA3F500682F2E /* Assets.xcassets */ = {isa = PBXFileReference; lastKnownFileType = folder.assetcatalog; path = Assets.xcassets; sourceTree = "<group>"; };
		ED8088F2273AA3F500682F2E /* Base */ = {isa = PBXFileReference; lastKnownFileType = file.storyboard; name = Base; path = Base.lproj/LaunchScreen.storyboard; sourceTree = "<group>"; };
		ED8088F4273AA3F500682F2E /* Info.plist */ = {isa = PBXFileReference; lastKnownFileType = text.plist.xml; path = Info.plist; sourceTree = "<group>"; };
		ED8088F9273AA3F500682F2E /* contansTests.xctest */ = {isa = PBXFileReference; explicitFileType = wrapper.cfbundle; includeInIndex = 0; path = contansTests.xctest; sourceTree = BUILT_PRODUCTS_DIR; };
		ED8088FD273AA3F500682F2E /* contansTests.swift */ = {isa = PBXFileReference; lastKnownFileType = sourcecode.swift; path = contansTests.swift; sourceTree = "<group>"; };
		ED808903273AA3F500682F2E /* contansUITests.xctest */ = {isa = PBXFileReference; explicitFileType = wrapper.cfbundle; includeInIndex = 0; path = contansUITests.xctest; sourceTree = BUILT_PRODUCTS_DIR; };
		ED808907273AA3F500682F2E /* contansUITests.swift */ = {isa = PBXFileReference; lastKnownFileType = sourcecode.swift; path = contansUITests.swift; sourceTree = "<group>"; };
		ED808909273AA3F500682F2E /* contansUITestsLaunchTests.swift */ = {isa = PBXFileReference; lastKnownFileType = sourcecode.swift; path = contansUITestsLaunchTests.swift; sourceTree = "<group>"; };
/* End PBXFileReference section */

/* Begin PBXFrameworksBuildPhase section */
		ED8088E0273AA3F300682F2E /* Frameworks */ = {
			isa = PBXFrameworksBuildPhase;
			buildActionMask = 2147483647;
			files = (
			);
			runOnlyForDeploymentPostprocessing = 0;
		};
		ED8088F6273AA3F500682F2E /* Frameworks */ = {
			isa = PBXFrameworksBuildPhase;
			buildActionMask = 2147483647;
			files = (
			);
			runOnlyForDeploymentPostprocessing = 0;
		};
		ED808900273AA3F500682F2E /* Frameworks */ = {
			isa = PBXFrameworksBuildPhase;
			buildActionMask = 2147483647;
			files = (
			);
			runOnlyForDeploymentPostprocessing = 0;
		};
/* End PBXFrameworksBuildPhase section */

/* Begin PBXGroup section */
		ED8088DA273AA3F300682F2E = {
			isa = PBXGroup;
			children = (
				ED8088E5273AA3F300682F2E /* contans */,
				ED8088FC273AA3F500682F2E /* contansTests */,
				ED808906273AA3F500682F2E /* contansUITests */,
				ED8088E4273AA3F300682F2E /* Products */,
			);
			sourceTree = "<group>";
		};
		ED8088E4273AA3F300682F2E /* Products */ = {
			isa = PBXGroup;
			children = (
				ED8088E3273AA3F300682F2E /* contans.app */,
				ED8088F9273AA3F500682F2E /* contansTests.xctest */,
				ED808903273AA3F500682F2E /* contansUITests.xctest */,
			);
			name = Products;
			sourceTree = "<group>";
		};
		ED8088E5273AA3F300682F2E /* contans */ = {
			isa = PBXGroup;
			children = (
				ED8088E6273AA3F300682F2E /* AppDelegate.swift */,
				ED8088E8273AA3F300682F2E /* SceneDelegate.swift */,
				ED8088EA273AA3F300682F2E /* ViewController.swift */,
				ED8088EC273AA3F300682F2E /* Main.storyboard */,
				ED8088EF273AA3F500682F2E /* Assets.xcassets */,
				ED8088F1273AA3F500682F2E /* LaunchScreen.storyboard */,
				ED8088F4273AA3F500682F2E /* Info.plist */,
			);
			path = contans;
			sourceTree = "<group>";
		};
		ED8088FC273AA3F500682F2E /* contansTests */ = {
			isa = PBXGroup;
			children = (
				ED8088FD273AA3F500682F2E /* contansTests.swift */,
			);
			path = contansTests;
			sourceTree = "<group>";
		};
		ED808906273AA3F500682F2E /* contansUITests */ = {
			isa = PBXGroup;
			children = (
				ED808907273AA3F500682F2E /* contansUITests.swift */,
				ED808909273AA3F500682F2E /* contansUITestsLaunchTests.swift */,
			);
			path = contansUITests;
			sourceTree = "<group>";
		};
/* End PBXGroup section */

/* Begin PBXNativeTarget section */
		ED8088E2273AA3F300682F2E /* contans */ = {
			isa = PBXNativeTarget;
			buildConfigurationList = ED80890D273AA3F500682F2E /* Build configuration list for PBXNativeTarget "contans" */;
			buildPhases = (
				ED8088DF273AA3F300682F2E /* Sources */,
				ED8088E0273AA3F300682F2E /* Frameworks */,
				ED8088E1273AA3F300682F2E /* Resources */,
			);
			buildRules = (
			);
			dependencies = (
			);
			name = contans;
			productName = contans;
			productReference = ED8088E3273AA3F300682F2E /* contans.app */;
			productType = "com.apple.product-type.application";
		};
		ED8088F8273AA3F500682F2E /* contansTests */ = {
			isa = PBXNativeTarget;
			buildConfigurationList = ED808910273AA3F500682F2E /* Build configuration list for PBXNativeTarget "contansTests" */;
			buildPhases = (
				ED8088F5273AA3F500682F2E /* Sources */,
				ED8088F6273AA3F500682F2E /* Frameworks */,
				ED8088F7273AA3F500682F2E /* Resources */,
			);
			buildRules = (
			);
			dependencies = (
				ED8088FB273AA3F500682F2E /* PBXTargetDependency */,
			);
			name = contansTests;
			productName = contansTests;
			productReference = ED8088F9273AA3F500682F2E /* contansTests.xctest */;
			productType = "com.apple.product-type.bundle.unit-test";
		};
		ED808902273AA3F500682F2E /* contansUITests */ = {
			isa = PBXNativeTarget;
			buildConfigurationList = ED808913273AA3F500682F2E /* Build configuration list for PBXNativeTarget "contansUITests" */;
			buildPhases = (
				ED8088FF273AA3F500682F2E /* Sources */,
				ED808900273AA3F500682F2E /* Frameworks */,
				ED808901273AA3F500682F2E /* Resources */,
			);
			buildRules = (
			);
			dependencies = (
				ED808905273AA3F500682F2E /* PBXTargetDependency */,
			);
			name = contansUITests;
			productName = contansUITests;
			productReference = ED808903273AA3F500682F2E /* contansUITests.xctest */;
			productType = "com.apple.product-type.bundle.ui-testing";
		};
/* End PBXNativeTarget section */

/* Begin PBXProject section */
		ED8088DB273AA3F300682F2E /* Project object */ = {
			isa = PBXProject;
			attributes = {
				BuildIndependentTargetsInParallel = 1;
				LastSwiftUpdateCheck = 1310;
				LastUpgradeCheck = 1310;
				TargetAttributes = {
					ED8088E2273AA3F300682F2E = {
						CreatedOnToolsVersion = 13.1;
					};
					ED8088F8273AA3F500682F2E = {
						CreatedOnToolsVersion = 13.1;
						TestTargetID = ED8088E2273AA3F300682F2E;
					};
					ED808902273AA3F500682F2E = {
						CreatedOnToolsVersion = 13.1;
						TestTargetID = ED8088E2273AA3F300682F2E;
					};
				};
			};
			buildConfigurationList = ED8088DE273AA3F300682F2E /* Build configuration list for PBXProject "contans" */;
			compatibilityVersion = "Xcode 13.0";
			developmentRegion = en;
			hasScannedForEncodings = 0;
			knownRegions = (
				en,
				Base,
			);
			mainGroup = ED8088DA273AA3F300682F2E;
			productRefGroup = ED8088E4273AA3F300682F2E /* Products */;
			projectDirPath = "";
			projectRoot = "";
			targets = (
				ED8088E2273AA3F300682F2E /* contans */,
				ED8088F8273AA3F500682F2E /* contansTests */,
				ED808902273AA3F500682F2E /* contansUITests */,
			);
		};
/* End PBXProject section */

/* Begin PBXResourcesBuildPhase section */
		ED8088E1273AA3F300682F2E /* Resources */ = {
			isa = PBXResourcesBuildPhase;
			buildActionMask = 2147483647;
			files = (
				ED8088F3273AA3F500682F2E /* LaunchScreen.storyboard in Resources */,
				ED8088F0273AA3F500682F2E /* Assets.xcassets in Resources */,
				ED8088EE273AA3F300682F2E /* Main.storyboard in Resources */,
			);
			runOnlyForDeploymentPostprocessing = 0;
		};
		ED8088F7273AA3F500682F2E /* Resources */ = {
			isa = PBXResourcesBuildPhase;
			buildActionMask = 2147483647;
			files = (
			);
			runOnlyForDeploymentPostprocessing = 0;
		};
		ED808901273AA3F500682F2E /* Resources */ = {
			isa = PBXResourcesBuildPhase;
			buildActionMask = 2147483647;
			files = (
			);
			runOnlyForDeploymentPostprocessing = 0;
		};
/* End PBXResourcesBuildPhase section */

/* Begin PBXSourcesBuildPhase section */
		ED8088DF273AA3F300682F2E /* Sources */ = {
			isa = PBXSourcesBuildPhase;
			buildActionMask = 2147483647;
			files = (
				ED8088EB273AA3F300682F2E /* ViewController.swift in Sources */,
				ED8088E7273AA3F300682F2E /* AppDelegate.swift in Sources */,
				ED8088E9273AA3F300682F2E /* SceneDelegate.swift in Sources */,
			);
			runOnlyForDeploymentPostprocessing = 0;
		};
		ED8088F5273AA3F500682F2E /* Sources */ = {
			isa = PBXSourcesBuildPhase;
			buildActionMask = 2147483647;
			files = (
				ED8088FE273AA3F500682F2E /* contansTests.swift in Sources */,
			);
			runOnlyForDeploymentPostprocessing = 0;
		};
		ED8088FF273AA3F500682F2E /* Sources */ = {
			isa = PBXSourcesBuildPhase;
			buildActionMask = 2147483647;
			files = (
				ED808908273AA3F500682F2E /* contansUITests.swift in Sources */,
				ED80890A273AA3F500682F2E /* contansUITestsLaunchTests.swift in Sources */,
			);
			runOnlyForDeploymentPostprocessing = 0;
		};
/* End PBXSourcesBuildPhase section */

/* Begin PBXTargetDependency section */
		ED8088FB273AA3F500682F2E /* PBXTargetDependency */ = {
			isa = PBXTargetDependency;
			target = ED8088E2273AA3F300682F2E /* contans */;
			targetProxy = ED8088FA273AA3F500682F2E /* PBXContainerItemProxy */;
		};
		ED808905273AA3F500682F2E /* PBXTargetDependency */ = {
			isa = PBXTargetDependency;
			target = ED8088E2273AA3F300682F2E /* contans */;
			targetProxy = ED808904273AA3F500682F2E /* PBXContainerItemProxy */;
		};
/* End PBXTargetDependency section */

/* Begin PBXVariantGroup section */
		ED8088EC273AA3F300682F2E /* Main.storyboard */ = {
			isa = PBXVariantGroup;
			children = (
				ED8088ED273AA3F300682F2E /* Base */,
			);
			name = Main.storyboard;
			sourceTree = "<group>";
		};
		ED8088F1273AA3F500682F2E /* LaunchScreen.storyboard */ = {
			isa = PBXVariantGroup;
			children = (
				ED8088F2273AA3F500682F2E /* Base */,
			);
			name = LaunchScreen.storyboard;
			sourceTree = "<group>";
		};
/* End PBXVariantGroup section */

/* Begin XCBuildConfiguration section */
		ED80890B273AA3F500682F2E /* Debug */ = {
			isa = XCBuildConfiguration;
			buildSettings = {
				ALWAYS_SEARCH_USER_PATHS = NO;
				CLANG_ANALYZER_NONNULL = YES;
				CLANG_ANALYZER_NUMBER_OBJECT_CONVERSION = YES_AGGRESSIVE;
				CLANG_CXX_LANGUAGE_STANDARD = "gnu++17";
				CLANG_CXX_LIBRARY = "libc++";
				CLANG_ENABLE_MODULES = YES;
				CLANG_ENABLE_OBJC_ARC = YES;
				CLANG_ENABLE_OBJC_WEAK = YES;
				CLANG_WARN_BLOCK_CAPTURE_AUTORELEASING = YES;
				CLANG_WARN_BOOL_CONVERSION = YES;
				CLANG_WARN_COMMA = YES;
				CLANG_WARN_CONSTANT_CONVERSION = YES;
				CLANG_WARN_DEPRECATED_OBJC_IMPLEMENTATIONS = YES;
				CLANG_WARN_DIRECT_OBJC_ISA_USAGE = YES_ERROR;
				CLANG_WARN_DOCUMENTATION_COMMENTS = YES;
				CLANG_WARN_EMPTY_BODY = YES;
				CLANG_WARN_ENUM_CONVERSION = YES;
				CLANG_WARN_INFINITE_RECURSION = YES;
				CLANG_WARN_INT_CONVERSION = YES;
				CLANG_WARN_NON_LITERAL_NULL_CONVERSION = YES;
				CLANG_WARN_OBJC_IMPLICIT_RETAIN_SELF = YES;
				CLANG_WARN_OBJC_LITERAL_CONVERSION = YES;
				CLANG_WARN_OBJC_ROOT_CLASS = YES_ERROR;
				CLANG_WARN_QUOTED_INCLUDE_IN_FRAMEWORK_HEADER = YES;
				CLANG_WARN_RANGE_LOOP_ANALYSIS = YES;
				CLANG_WARN_STRICT_PROTOTYPES = YES;
				CLANG_WARN_SUSPICIOUS_MOVE = YES;
				CLANG_WARN_UNGUARDED_AVAILABILITY = YES_AGGRESSIVE;
				CLANG_WARN_UNREACHABLE_CODE = YES;
				CLANG_WARN__DUPLICATE_METHOD_MATCH = YES;
				COPY_PHASE_STRIP = NO;
				DEBUG_INFORMATION_FORMAT = dwarf;
				ENABLE_STRICT_OBJC_MSGSEND = YES;
				ENABLE_TESTABILITY = YES;
				GCC_C_LANGUAGE_STANDARD = gnu11;
				GCC_DYNAMIC_NO_PIC = NO;
				GCC_NO_COMMON_BLOCKS = YES;
				GCC_OPTIMIZATION_LEVEL = 0;
				GCC_PREPROCESSOR_DEFINITIONS = (
					"DEBUG=1",
					"$(inherited)",
				);
				GCC_WARN_64_TO_32_BIT_CONVERSION = YES;
				GCC_WARN_ABOUT_RETURN_TYPE = YES_ERROR;
				GCC_WARN_UNDECLARED_SELECTOR = YES;
				GCC_WARN_UNINITIALIZED_AUTOS = YES_AGGRESSIVE;
				GCC_WARN_UNUSED_FUNCTION = YES;
				GCC_WARN_UNUSED_VARIABLE = YES;
				IPHONEOS_DEPLOYMENT_TARGET = 15.0;
				MTL_ENABLE_DEBUG_INFO = INCLUDE_SOURCE;
				MTL_FAST_MATH = YES;
				ONLY_ACTIVE_ARCH = YES;
				SDKROOT = iphoneos;
				SWIFT_ACTIVE_COMPILATION_CONDITIONS = DEBUG;
				SWIFT_OPTIMIZATION_LEVEL = "-Onone";
			};
			name = Debug;
		};
		ED80890C273AA3F500682F2E /* Release */ = {
			isa = XCBuildConfiguration;
			buildSettings = {
				ALWAYS_SEARCH_USER_PATHS = NO;
				CLANG_ANALYZER_NONNULL = YES;
				CLANG_ANALYZER_NUMBER_OBJECT_CONVERSION = YES_AGGRESSIVE;
				CLANG_CXX_LANGUAGE_STANDARD = "gnu++17";
				CLANG_CXX_LIBRARY = "libc++";
				CLANG_ENABLE_MODULES = YES;
				CLANG_ENABLE_OBJC_ARC = YES;
				CLANG_ENABLE_OBJC_WEAK = YES;
				CLANG_WARN_BLOCK_CAPTURE_AUTORELEASING = YES;
				CLANG_WARN_BOOL_CONVERSION = YES;
				CLANG_WARN_COMMA = YES;
				CLANG_WARN_CONSTANT_CONVERSION = YES;
				CLANG_WARN_DEPRECATED_OBJC_IMPLEMENTATIONS = YES;
				CLANG_WARN_DIRECT_OBJC_ISA_USAGE = YES_ERROR;
				CLANG_WARN_DOCUMENTATION_COMMENTS = YES;
				CLANG_WARN_EMPTY_BODY = YES;
				CLANG_WARN_ENUM_CONVERSION = YES;
				CLANG_WARN_INFINITE_RECURSION = YES;
				CLANG_WARN_INT_CONVERSION = YES;
				CLANG_WARN_NON_LITERAL_NULL_CONVERSION = YES;
				CLANG_WARN_OBJC_IMPLICIT_RETAIN_SELF = YES;
				CLANG_WARN_OBJC_LITERAL_CONVERSION = YES;
				CLANG_WARN_OBJC_ROOT_CLASS = YES_ERROR;
				CLANG_WARN_QUOTED_INCLUDE_IN_FRAMEWORK_HEADER = YES;
				CLANG_WARN_RANGE_LOOP_ANALYSIS = YES;
				CLANG_WARN_STRICT_PROTOTYPES = YES;
				CLANG_WARN_SUSPICIOUS_MOVE = YES;
				CLANG_WARN_UNGUARDED_AVAILABILITY = YES_AGGRESSIVE;
				CLANG_WARN_UNREACHABLE_CODE = YES;
				CLANG_WARN__DUPLICATE_METHOD_MATCH = YES;
				COPY_PHASE_STRIP = NO;
				DEBUG_INFORMATION_FORMAT = "dwarf-with-dsym";
				ENABLE_NS_ASSERTIONS = NO;
				ENABLE_STRICT_OBJC_MSGSEND = YES;
				GCC_C_LANGUAGE_STANDARD = gnu11;
				GCC_NO_COMMON_BLOCKS = YES;
				GCC_WARN_64_TO_32_BIT_CONVERSION = YES;
				GCC_WARN_ABOUT_RETURN_TYPE = YES_ERROR;
				GCC_WARN_UNDECLARED_SELECTOR = YES;
				GCC_WARN_UNINITIALIZED_AUTOS = YES_AGGRESSIVE;
				GCC_WARN_UNUSED_FUNCTION = YES;
				GCC_WARN_UNUSED_VARIABLE = YES;
				IPHONEOS_DEPLOYMENT_TARGET = 15.0;
				MTL_ENABLE_DEBUG_INFO = NO;
				MTL_FAST_MATH = YES;
				SDKROOT = iphoneos;
				SWIFT_COMPILATION_MODE = wholemodule;
				SWIFT_OPTIMIZATION_LEVEL = "-O";
				VALIDATE_PRODUCT = YES;
			};
			name = Release;
		};
		ED80890E273AA3F500682F2E /* Debug */ = {
			isa = XCBuildConfiguration;
			buildSettings = {
				ASSETCATALOG_COMPILER_APPICON_NAME = AppIcon;
				ASSETCATALOG_COMPILER_GLOBAL_ACCENT_COLOR_NAME = AccentColor;
				CODE_SIGN_STYLE = Automatic;
				CURRENT_PROJECT_VERSION = 1;
				GENERATE_INFOPLIST_FILE = YES;
				INFOPLIST_FILE = contans/Info.plist;
				INFOPLIST_KEY_UIApplicationSupportsIndirectInputEvents = YES;
				INFOPLIST_KEY_UILaunchStoryboardName = LaunchScreen;
				INFOPLIST_KEY_UIMainStoryboardFile = Main;
				INFOPLIST_KEY_UISupportedInterfaceOrientations_iPad = "UIInterfaceOrientationPortrait UIInterfaceOrientationPortraitUpsideDown UIInterfaceOrientationLandscapeLeft UIInterfaceOrientationLandscapeRight";
				INFOPLIST_KEY_UISupportedInterfaceOrientations_iPhone = "UIInterfaceOrientationPortrait UIInterfaceOrientationLandscapeLeft UIInterfaceOrientationLandscapeRight";
				LD_RUNPATH_SEARCH_PATHS = (
					"$(inherited)",
					"@executable_path/Frameworks",
				);
				MARKETING_VERSION = 1.0;
				PRODUCT_BUNDLE_IDENTIFIER = grand.com.contans;
				PRODUCT_NAME = "$(TARGET_NAME)";
				SWIFT_EMIT_LOC_STRINGS = YES;
				SWIFT_VERSION = 5.0;
				TARGETED_DEVICE_FAMILY = "1,2";
			};
			name = Debug;
		};
		ED80890F273AA3F500682F2E /* Release */ = {
			isa = XCBuildConfiguration;
			buildSettings = {
				ASSETCATALOG_COMPILER_APPICON_NAME = AppIcon;
				ASSETCATALOG_COMPILER_GLOBAL_ACCENT_COLOR_NAME = AccentColor;
				CODE_SIGN_STYLE = Automatic;
				CURRENT_PROJECT_VERSION = 1;
				GENERATE_INFOPLIST_FILE = YES;
				INFOPLIST_FILE = contans/Info.plist;
				INFOPLIST_KEY_UIApplicationSupportsIndirectInputEvents = YES;
				INFOPLIST_KEY_UILaunchStoryboardName = LaunchScreen;
				INFOPLIST_KEY_UIMainStoryboardFile = Main;
				INFOPLIST_KEY_UISupportedInterfaceOrientations_iPad = "UIInterfaceOrientationPortrait UIInterfaceOrientationPortraitUpsideDown UIInterfaceOrientationLandscapeLeft UIInterfaceOrientationLandscapeRight";
				INFOPLIST_KEY_UISupportedInterfaceOrientations_iPhone = "UIInterfaceOrientationPortrait UIInterfaceOrientationLandscapeLeft UIInterfaceOrientationLandscapeRight";
				LD_RUNPATH_SEARCH_PATHS = (
					"$(inherited)",
					"@executable_path/Frameworks",
				);
				MARKETING_VERSION = 1.0;
				PRODUCT_BUNDLE_IDENTIFIER = grand.com.contans;
				PRODUCT_NAME = "$(TARGET_NAME)";
				SWIFT_EMIT_LOC_STRINGS = YES;
				SWIFT_VERSION = 5.0;
				TARGETED_DEVICE_FAMILY = "1,2";
			};
			name = Release;
		};
		ED808911273AA3F500682F2E /* Debug */ = {
			isa = XCBuildConfiguration;
			buildSettings = {
				ALWAYS_EMBED_SWIFT_STANDARD_LIBRARIES = YES;
				BUNDLE_LOADER = "$(TEST_HOST)";
				CODE_SIGN_STYLE = Automatic;
				CURRENT_PROJECT_VERSION = 1;
				GENERATE_INFOPLIST_FILE = YES;
				IPHONEOS_DEPLOYMENT_TARGET = 15.0;
				LD_RUNPATH_SEARCH_PATHS = (
					"$(inherited)",
					"@executable_path/Frameworks",
					"@loader_path/Frameworks",
				);
				MARKETING_VERSION = 1.0;
				PRODUCT_BUNDLE_IDENTIFIER = grand.com.contansTests;
				PRODUCT_NAME = "$(TARGET_NAME)";
				SWIFT_EMIT_LOC_STRINGS = NO;
				SWIFT_VERSION = 5.0;
				TARGETED_DEVICE_FAMILY = "1,2";
				TEST_HOST = "$(BUILT_PRODUCTS_DIR)/contans.app/contans";
			};
			name = Debug;
		};
		ED808912273AA3F500682F2E /* Release */ = {
			isa = XCBuildConfiguration;
			buildSettings = {
				ALWAYS_EMBED_SWIFT_STANDARD_LIBRARIES = YES;
				BUNDLE_LOADER = "$(TEST_HOST)";
				CODE_SIGN_STYLE = Automatic;
				CURRENT_PROJECT_VERSION = 1;
				GENERATE_INFOPLIST_FILE = YES;
				IPHONEOS_DEPLOYMENT_TARGET = 15.0;
				LD_RUNPATH_SEARCH_PATHS = (
					"$(inherited)",
					"@executable_path/Frameworks",
					"@loader_path/Frameworks",
				);
				MARKETING_VERSION = 1.0;
				PRODUCT_BUNDLE_IDENTIFIER = grand.com.contansTests;
				PRODUCT_NAME = "$(TARGET_NAME)";
				SWIFT_EMIT_LOC_STRINGS = NO;
				SWIFT_VERSION = 5.0;
				TARGETED_DEVICE_FAMILY = "1,2";
				TEST_HOST = "$(BUILT_PRODUCTS_DIR)/contans.app/contans";
			};
			name = Release;
		};
		ED808914273AA3F500682F2E /* Debug */ = {
			isa = XCBuildConfiguration;
			buildSettings = {
				ALWAYS_EMBED_SWIFT_STANDARD_LIBRARIES = YES;
				CODE_SIGN_STYLE = Automatic;
				CURRENT_PROJECT_VERSION = 1;
				GENERATE_INFOPLIST_FILE = YES;
				LD_RUNPATH_SEARCH_PATHS = (
					"$(inherited)",
					"@executable_path/Frameworks",
					"@loader_path/Frameworks",
				);
				MARKETING_VERSION = 1.0;
				PRODUCT_BUNDLE_IDENTIFIER = grand.com.contansUITests;
				PRODUCT_NAME = "$(TARGET_NAME)";
				SWIFT_EMIT_LOC_STRINGS = NO;
				SWIFT_VERSION = 5.0;
				TARGETED_DEVICE_FAMILY = "1,2";
				TEST_TARGET_NAME = contans;
			};
			name = Debug;
		};
		ED808915273AA3F500682F2E /* Release */ = {
			isa = XCBuildConfiguration;
			buildSettings = {
				ALWAYS_EMBED_SWIFT_STANDARD_LIBRARIES = YES;
				CODE_SIGN_STYLE = Automatic;
				CURRENT_PROJECT_VERSION = 1;
				GENERATE_INFOPLIST_FILE = YES;
				LD_RUNPATH_SEARCH_PATHS = (
					"$(inherited)",
					"@executable_path/Frameworks",
					"@loader_path/Frameworks",
				);
				MARKETING_VERSION = 1.0;
				PRODUCT_BUNDLE_IDENTIFIER = grand.com.contansUITests;
				PRODUCT_NAME = "$(TARGET_NAME)";
				SWIFT_EMIT_LOC_STRINGS = NO;
				SWIFT_VERSION = 5.0;
				TARGETED_DEVICE_FAMILY = "1,2";
				TEST_TARGET_NAME = contans;
			};
			name = Release;
		};
/* End XCBuildConfiguration section */

/* Begin XCConfigurationList section */
		ED8088DE273AA3F300682F2E /* Build configuration list for PBXProject "contans" */ = {
			isa = XCConfigurationList;
			buildConfigurations = (
				ED80890B273AA3F500682F2E /* Debug */,
				ED80890C273AA3F500682F2E /* Release */,
			);
			defaultConfigurationIsVisible = 0;
			defaultConfigurationName = Release;
		};
		ED80890D273AA3F500682F2E /* Build configuration list for PBXNativeTarget "contans" */ = {
			isa = XCConfigurationList;
			buildConfigurations = (
				ED80890E273AA3F500682F2E /* Debug */,
				ED80890F273AA3F500682F2E /* Release */,
			);
			defaultConfigurationIsVisible = 0;
			defaultConfigurationName = Release;
		};
		ED808910273AA3F500682F2E /* Build configuration list for PBXNativeTarget "contansTests" */ = {
			isa = XCConfigurationList;
			buildConfigurations = (
				ED808911273AA3F500682F2E /* Debug */,
				ED808912273AA3F500682F2E /* Release */,
			);
			defaultConfigurationIsVisible = 0;
			defaultConfigurationName = Release;
		};
		ED808913273AA3F500682F2E /* Build configuration list for PBXNativeTarget "contansUITests" */ = {
			isa = XCConfigurationList;
			buildConfigurations = (
				ED808914273AA3F500682F2E /* Debug */,
				ED808915273AA3F500682F2E /* Release */,
			);
			defaultConfigurationIsVisible = 0;
			defaultConfigurationName = Release;
		};
/* End XCConfigurationList section */
	};
	rootObject = ED8088DB273AA3F300682F2E /* Project object */;
}
