// !$*UTF8*$!
{
	archiveVersion = 1;
	classes = {
	};
	objectVersion = 55;
	objects = {

/* Begin PBXBuildFile section */
		7AE58F8727538CAE00177E04 /* AppDelegate.swift in Sources */ = {isa = PBXBuildFile; fileRef = 7AE58F8627538CAE00177E04 /* AppDelegate.swift */; };
		7AE58F8927538CAE00177E04 /* SceneDelegate.swift in Sources */ = {isa = PBXBuildFile; fileRef = 7AE58F8827538CAE00177E04 /* SceneDelegate.swift */; };
		7AE58F8B27538CAE00177E04 /* ViewController.swift in Sources */ = {isa = PBXBuildFile; fileRef = 7AE58F8A27538CAE00177E04 /* ViewController.swift */; };
		7AE58F8E27538CAE00177E04 /* Main.storyboard in Resources */ = {isa = PBXBuildFile; fileRef = 7AE58F8C27538CAE00177E04 /* Main.storyboard */; };
		7AE58F9027538CAF00177E04 /* Assets.xcassets in Resources */ = {isa = PBXBuildFile; fileRef = 7AE58F8F27538CAF00177E04 /* Assets.xcassets */; };
		7AE58F9327538CAF00177E04 /* LaunchScreen.storyboard in Resources */ = {isa = PBXBuildFile; fileRef = 7AE58F9127538CAF00177E04 /* LaunchScreen.storyboard */; };
		7AE58F9E27538CAF00177E04 /* nasser_lab18Tests.swift in Sources */ = {isa = PBXBuildFile; fileRef = 7AE58F9D27538CAF00177E04 /* nasser_lab18Tests.swift */; };
		7AE58FA827538CAF00177E04 /* nasser_lab18UITests.swift in Sources */ = {isa = PBXBuildFile; fileRef = 7AE58FA727538CAF00177E04 /* nasser_lab18UITests.swift */; };
		7AE58FAA27538CAF00177E04 /* nasser_lab18UITestsLaunchTests.swift in Sources */ = {isa = PBXBuildFile; fileRef = 7AE58FA927538CAF00177E04 /* nasser_lab18UITestsLaunchTests.swift */; };
/* End PBXBuildFile section */

/* Begin PBXContainerItemProxy section */
		7AE58F9A27538CAF00177E04 /* PBXContainerItemProxy */ = {
			isa = PBXContainerItemProxy;
			containerPortal = 7AE58F7B27538CAE00177E04 /* Project object */;
			proxyType = 1;
			remoteGlobalIDString = 7AE58F8227538CAE00177E04;
			remoteInfo = nasser_lab18;
		};
		7AE58FA427538CAF00177E04 /* PBXContainerItemProxy */ = {
			isa = PBXContainerItemProxy;
			containerPortal = 7AE58F7B27538CAE00177E04 /* Project object */;
			proxyType = 1;
			remoteGlobalIDString = 7AE58F8227538CAE00177E04;
			remoteInfo = nasser_lab18;
		};
/* End PBXContainerItemProxy section */

/* Begin PBXFileReference section */
		7AE58F8327538CAE00177E04 /* nasser_lab18.app */ = {isa = PBXFileReference; explicitFileType = wrapper.application; includeInIndex = 0; path = nasser_lab18.app; sourceTree = BUILT_PRODUCTS_DIR; };
		7AE58F8627538CAE00177E04 /* AppDelegate.swift */ = {isa = PBXFileReference; lastKnownFileType = sourcecode.swift; path = AppDelegate.swift; sourceTree = "<group>"; };
		7AE58F8827538CAE00177E04 /* SceneDelegate.swift */ = {isa = PBXFileReference; lastKnownFileType = sourcecode.swift; path = SceneDelegate.swift; sourceTree = "<group>"; };
		7AE58F8A27538CAE00177E04 /* ViewController.swift */ = {isa = PBXFileReference; lastKnownFileType = sourcecode.swift; path = ViewController.swift; sourceTree = "<group>"; };
		7AE58F8D27538CAE00177E04 /* Base */ = {isa = PBXFileReference; lastKnownFileType = file.storyboard; name = Base; path = Base.lproj/Main.storyboard; sourceTree = "<group>"; };
		7AE58F8F27538CAF00177E04 /* Assets.xcassets */ = {isa = PBXFileReference; lastKnownFileType = folder.assetcatalog; path = Assets.xcassets; sourceTree = "<group>"; };
		7AE58F9227538CAF00177E04 /* Base */ = {isa = PBXFileReference; lastKnownFileType = file.storyboard; name = Base; path = Base.lproj/LaunchScreen.storyboard; sourceTree = "<group>"; };
		7AE58F9427538CAF00177E04 /* Info.plist */ = {isa = PBXFileReference; lastKnownFileType = text.plist.xml; path = Info.plist; sourceTree = "<group>"; };
		7AE58F9927538CAF00177E04 /* nasser_lab18Tests.xctest */ = {isa = PBXFileReference; explicitFileType = wrapper.cfbundle; includeInIndex = 0; path = nasser_lab18Tests.xctest; sourceTree = BUILT_PRODUCTS_DIR; };
		7AE58F9D27538CAF00177E04 /* nasser_lab18Tests.swift */ = {isa = PBXFileReference; lastKnownFileType = sourcecode.swift; path = nasser_lab18Tests.swift; sourceTree = "<group>"; };
		7AE58FA327538CAF00177E04 /* nasser_lab18UITests.xctest */ = {isa = PBXFileReference; explicitFileType = wrapper.cfbundle; includeInIndex = 0; path = nasser_lab18UITests.xctest; sourceTree = BUILT_PRODUCTS_DIR; };
		7AE58FA727538CAF00177E04 /* nasser_lab18UITests.swift */ = {isa = PBXFileReference; lastKnownFileType = sourcecode.swift; path = nasser_lab18UITests.swift; sourceTree = "<group>"; };
		7AE58FA927538CAF00177E04 /* nasser_lab18UITestsLaunchTests.swift */ = {isa = PBXFileReference; lastKnownFileType = sourcecode.swift; path = nasser_lab18UITestsLaunchTests.swift; sourceTree = "<group>"; };
/* End PBXFileReference section */

/* Begin PBXFrameworksBuildPhase section */
		7AE58F8027538CAE00177E04 /* Frameworks */ = {
			isa = PBXFrameworksBuildPhase;
			buildActionMask = 2147483647;
			files = (
			);
			runOnlyForDeploymentPostprocessing = 0;
		};
		7AE58F9627538CAF00177E04 /* Frameworks */ = {
			isa = PBXFrameworksBuildPhase;
			buildActionMask = 2147483647;
			files = (
			);
			runOnlyForDeploymentPostprocessing = 0;
		};
		7AE58FA027538CAF00177E04 /* Frameworks */ = {
			isa = PBXFrameworksBuildPhase;
			buildActionMask = 2147483647;
			files = (
			);
			runOnlyForDeploymentPostprocessing = 0;
		};
/* End PBXFrameworksBuildPhase section */

/* Begin PBXGroup section */
		7AE58F7A27538CAE00177E04 = {
			isa = PBXGroup;
			children = (
				7AE58F8527538CAE00177E04 /* nasser_lab18 */,
				7AE58F9C27538CAF00177E04 /* nasser_lab18Tests */,
				7AE58FA627538CAF00177E04 /* nasser_lab18UITests */,
				7AE58F8427538CAE00177E04 /* Products */,
			);
			sourceTree = "<group>";
		};
		7AE58F8427538CAE00177E04 /* Products */ = {
			isa = PBXGroup;
			children = (
				7AE58F8327538CAE00177E04 /* nasser_lab18.app */,
				7AE58F9927538CAF00177E04 /* nasser_lab18Tests.xctest */,
				7AE58FA327538CAF00177E04 /* nasser_lab18UITests.xctest */,
			);
			name = Products;
			sourceTree = "<group>";
		};
		7AE58F8527538CAE00177E04 /* nasser_lab18 */ = {
			isa = PBXGroup;
			children = (
				7AE58F8627538CAE00177E04 /* AppDelegate.swift */,
				7AE58F8827538CAE00177E04 /* SceneDelegate.swift */,
				7AE58F8A27538CAE00177E04 /* ViewController.swift */,
				7AE58F8C27538CAE00177E04 /* Main.storyboard */,
				7AE58F8F27538CAF00177E04 /* Assets.xcassets */,
				7AE58F9127538CAF00177E04 /* LaunchScreen.storyboard */,
				7AE58F9427538CAF00177E04 /* Info.plist */,
			);
			path = nasser_lab18;
			sourceTree = "<group>";
		};
		7AE58F9C27538CAF00177E04 /* nasser_lab18Tests */ = {
			isa = PBXGroup;
			children = (
				7AE58F9D27538CAF00177E04 /* nasser_lab18Tests.swift */,
			);
			path = nasser_lab18Tests;
			sourceTree = "<group>";
		};
		7AE58FA627538CAF00177E04 /* nasser_lab18UITests */ = {
			isa = PBXGroup;
			children = (
				7AE58FA727538CAF00177E04 /* nasser_lab18UITests.swift */,
				7AE58FA927538CAF00177E04 /* nasser_lab18UITestsLaunchTests.swift */,
			);
			path = nasser_lab18UITests;
			sourceTree = "<group>";
		};
/* End PBXGroup section */

/* Begin PBXNativeTarget section */
		7AE58F8227538CAE00177E04 /* nasser_lab18 */ = {
			isa = PBXNativeTarget;
			buildConfigurationList = 7AE58FAD27538CAF00177E04 /* Build configuration list for PBXNativeTarget "nasser_lab18" */;
			buildPhases = (
				7AE58F7F27538CAE00177E04 /* Sources */,
				7AE58F8027538CAE00177E04 /* Frameworks */,
				7AE58F8127538CAE00177E04 /* Resources */,
			);
			buildRules = (
			);
			dependencies = (
			);
			name = nasser_lab18;
			productName = nasser_lab18;
			productReference = 7AE58F8327538CAE00177E04 /* nasser_lab18.app */;
			productType = "com.apple.product-type.application";
		};
		7AE58F9827538CAF00177E04 /* nasser_lab18Tests */ = {
			isa = PBXNativeTarget;
			buildConfigurationList = 7AE58FB027538CAF00177E04 /* Build configuration list for PBXNativeTarget "nasser_lab18Tests" */;
			buildPhases = (
				7AE58F9527538CAF00177E04 /* Sources */,
				7AE58F9627538CAF00177E04 /* Frameworks */,
				7AE58F9727538CAF00177E04 /* Resources */,
			);
			buildRules = (
			);
			dependencies = (
				7AE58F9B27538CAF00177E04 /* PBXTargetDependency */,
			);
			name = nasser_lab18Tests;
			productName = nasser_lab18Tests;
			productReference = 7AE58F9927538CAF00177E04 /* nasser_lab18Tests.xctest */;
			productType = "com.apple.product-type.bundle.unit-test";
		};
		7AE58FA227538CAF00177E04 /* nasser_lab18UITests */ = {
			isa = PBXNativeTarget;
			buildConfigurationList = 7AE58FB327538CAF00177E04 /* Build configuration list for PBXNativeTarget "nasser_lab18UITests" */;
			buildPhases = (
				7AE58F9F27538CAF00177E04 /* Sources */,
				7AE58FA027538CAF00177E04 /* Frameworks */,
				7AE58FA127538CAF00177E04 /* Resources */,
			);
			buildRules = (
			);
			dependencies = (
				7AE58FA527538CAF00177E04 /* PBXTargetDependency */,
			);
			name = nasser_lab18UITests;
			productName = nasser_lab18UITests;
			productReference = 7AE58FA327538CAF00177E04 /* nasser_lab18UITests.xctest */;
			productType = "com.apple.product-type.bundle.ui-testing";
		};
/* End PBXNativeTarget section */

/* Begin PBXProject section */
		7AE58F7B27538CAE00177E04 /* Project object */ = {
			isa = PBXProject;
			attributes = {
				BuildIndependentTargetsInParallel = 1;
				LastSwiftUpdateCheck = 1310;
				LastUpgradeCheck = 1310;
				TargetAttributes = {
					7AE58F8227538CAE00177E04 = {
						CreatedOnToolsVersion = 13.1;
					};
					7AE58F9827538CAF00177E04 = {
						CreatedOnToolsVersion = 13.1;
						TestTargetID = 7AE58F8227538CAE00177E04;
					};
					7AE58FA227538CAF00177E04 = {
						CreatedOnToolsVersion = 13.1;
						TestTargetID = 7AE58F8227538CAE00177E04;
					};
				};
			};
			buildConfigurationList = 7AE58F7E27538CAE00177E04 /* Build configuration list for PBXProject "nasser_lab18" */;
			compatibilityVersion = "Xcode 13.0";
			developmentRegion = en;
			hasScannedForEncodings = 0;
			knownRegions = (
				en,
				Base,
			);
			mainGroup = 7AE58F7A27538CAE00177E04;
			productRefGroup = 7AE58F8427538CAE00177E04 /* Products */;
			projectDirPath = "";
			projectRoot = "";
			targets = (
				7AE58F8227538CAE00177E04 /* nasser_lab18 */,
				7AE58F9827538CAF00177E04 /* nasser_lab18Tests */,
				7AE58FA227538CAF00177E04 /* nasser_lab18UITests */,
			);
		};
/* End PBXProject section */

/* Begin PBXResourcesBuildPhase section */
		7AE58F8127538CAE00177E04 /* Resources */ = {
			isa = PBXResourcesBuildPhase;
			buildActionMask = 2147483647;
			files = (
				7AE58F9327538CAF00177E04 /* LaunchScreen.storyboard in Resources */,
				7AE58F9027538CAF00177E04 /* Assets.xcassets in Resources */,
				7AE58F8E27538CAE00177E04 /* Main.storyboard in Resources */,
			);
			runOnlyForDeploymentPostprocessing = 0;
		};
		7AE58F9727538CAF00177E04 /* Resources */ = {
			isa = PBXResourcesBuildPhase;
			buildActionMask = 2147483647;
			files = (
			);
			runOnlyForDeploymentPostprocessing = 0;
		};
		7AE58FA127538CAF00177E04 /* Resources */ = {
			isa = PBXResourcesBuildPhase;
			buildActionMask = 2147483647;
			files = (
			);
			runOnlyForDeploymentPostprocessing = 0;
		};
/* End PBXResourcesBuildPhase section */

/* Begin PBXSourcesBuildPhase section */
		7AE58F7F27538CAE00177E04 /* Sources */ = {
			isa = PBXSourcesBuildPhase;
			buildActionMask = 2147483647;
			files = (
				7AE58F8B27538CAE00177E04 /* ViewController.swift in Sources */,
				7AE58F8727538CAE00177E04 /* AppDelegate.swift in Sources */,
				7AE58F8927538CAE00177E04 /* SceneDelegate.swift in Sources */,
			);
			runOnlyForDeploymentPostprocessing = 0;
		};
		7AE58F9527538CAF00177E04 /* Sources */ = {
			isa = PBXSourcesBuildPhase;
			buildActionMask = 2147483647;
			files = (
				7AE58F9E27538CAF00177E04 /* nasser_lab18Tests.swift in Sources */,
			);
			runOnlyForDeploymentPostprocessing = 0;
		};
		7AE58F9F27538CAF00177E04 /* Sources */ = {
			isa = PBXSourcesBuildPhase;
			buildActionMask = 2147483647;
			files = (
				7AE58FA827538CAF00177E04 /* nasser_lab18UITests.swift in Sources */,
				7AE58FAA27538CAF00177E04 /* nasser_lab18UITestsLaunchTests.swift in Sources */,
			);
			runOnlyForDeploymentPostprocessing = 0;
		};
/* End PBXSourcesBuildPhase section */

/* Begin PBXTargetDependency section */
		7AE58F9B27538CAF00177E04 /* PBXTargetDependency */ = {
			isa = PBXTargetDependency;
			target = 7AE58F8227538CAE00177E04 /* nasser_lab18 */;
			targetProxy = 7AE58F9A27538CAF00177E04 /* PBXContainerItemProxy */;
		};
		7AE58FA527538CAF00177E04 /* PBXTargetDependency */ = {
			isa = PBXTargetDependency;
			target = 7AE58F8227538CAE00177E04 /* nasser_lab18 */;
			targetProxy = 7AE58FA427538CAF00177E04 /* PBXContainerItemProxy */;
		};
/* End PBXTargetDependency section */

/* Begin PBXVariantGroup section */
		7AE58F8C27538CAE00177E04 /* Main.storyboard */ = {
			isa = PBXVariantGroup;
			children = (
				7AE58F8D27538CAE00177E04 /* Base */,
			);
			name = Main.storyboard;
			sourceTree = "<group>";
		};
		7AE58F9127538CAF00177E04 /* LaunchScreen.storyboard */ = {
			isa = PBXVariantGroup;
			children = (
				7AE58F9227538CAF00177E04 /* Base */,
			);
			name = LaunchScreen.storyboard;
			sourceTree = "<group>";
		};
/* End PBXVariantGroup section */

/* Begin XCBuildConfiguration section */
		7AE58FAB27538CAF00177E04 /* Debug */ = {
			isa = XCBuildConfiguration;
			buildSettings = {
				ALWAYS_SEARCH_USER_PATHS = NO;
				CLANG_ANALYZER_NONNULL = YES;
				CLANG_ANALYZER_NUMBER_OBJECT_CONVERSION = YES_AGGRESSIVE;
				CLANG_CXX_LANGUAGE_STANDARD = "gnu++17";
				CLANG_CXX_LIBRARY = "libc++";
				CLANG_ENABLE_MODULES = YES;
				CLANG_ENABLE_OBJC_ARC = YES;
				CLANG_ENABLE_OBJC_WEAK = YES;
				CLANG_WARN_BLOCK_CAPTURE_AUTORELEASING = YES;
				CLANG_WARN_BOOL_CONVERSION = YES;
				CLANG_WARN_COMMA = YES;
				CLANG_WARN_CONSTANT_CONVERSION = YES;
				CLANG_WARN_DEPRECATED_OBJC_IMPLEMENTATIONS = YES;
				CLANG_WARN_DIRECT_OBJC_ISA_USAGE = YES_ERROR;
				CLANG_WARN_DOCUMENTATION_COMMENTS = YES;
				CLANG_WARN_EMPTY_BODY = YES;
				CLANG_WARN_ENUM_CONVERSION = YES;
				CLANG_WARN_INFINITE_RECURSION = YES;
				CLANG_WARN_INT_CONVERSION = YES;
				CLANG_WARN_NON_LITERAL_NULL_CONVERSION = YES;
				CLANG_WARN_OBJC_IMPLICIT_RETAIN_SELF = YES;
				CLANG_WARN_OBJC_LITERAL_CONVERSION = YES;
				CLANG_WARN_OBJC_ROOT_CLASS = YES_ERROR;
				CLANG_WARN_QUOTED_INCLUDE_IN_FRAMEWORK_HEADER = YES;
				CLANG_WARN_RANGE_LOOP_ANALYSIS = YES;
				CLANG_WARN_STRICT_PROTOTYPES = YES;
				CLANG_WARN_SUSPICIOUS_MOVE = YES;
				CLANG_WARN_UNGUARDED_AVAILABILITY = YES_AGGRESSIVE;
				CLANG_WARN_UNREACHABLE_CODE = YES;
				CLANG_WARN__DUPLICATE_METHOD_MATCH = YES;
				COPY_PHASE_STRIP = NO;
				DEBUG_INFORMATION_FORMAT = dwarf;
				ENABLE_STRICT_OBJC_MSGSEND = YES;
				ENABLE_TESTABILITY = YES;
				GCC_C_LANGUAGE_STANDARD = gnu11;
				GCC_DYNAMIC_NO_PIC = NO;
				GCC_NO_COMMON_BLOCKS = YES;
				GCC_OPTIMIZATION_LEVEL = 0;
				GCC_PREPROCESSOR_DEFINITIONS = (
					"DEBUG=1",
					"$(inherited)",
				);
				GCC_WARN_64_TO_32_BIT_CONVERSION = YES;
				GCC_WARN_ABOUT_RETURN_TYPE = YES_ERROR;
				GCC_WARN_UNDECLARED_SELECTOR = YES;
				GCC_WARN_UNINITIALIZED_AUTOS = YES_AGGRESSIVE;
				GCC_WARN_UNUSED_FUNCTION = YES;
				GCC_WARN_UNUSED_VARIABLE = YES;
				IPHONEOS_DEPLOYMENT_TARGET = 15.0;
				MTL_ENABLE_DEBUG_INFO = INCLUDE_SOURCE;
				MTL_FAST_MATH = YES;
				ONLY_ACTIVE_ARCH = YES;
				SDKROOT = iphoneos;
				SWIFT_ACTIVE_COMPILATION_CONDITIONS = DEBUG;
				SWIFT_OPTIMIZATION_LEVEL = "-Onone";
			};
			name = Debug;
		};
		7AE58FAC27538CAF00177E04 /* Release */ = {
			isa = XCBuildConfiguration;
			buildSettings = {
				ALWAYS_SEARCH_USER_PATHS = NO;
				CLANG_ANALYZER_NONNULL = YES;
				CLANG_ANALYZER_NUMBER_OBJECT_CONVERSION = YES_AGGRESSIVE;
				CLANG_CXX_LANGUAGE_STANDARD = "gnu++17";
				CLANG_CXX_LIBRARY = "libc++";
				CLANG_ENABLE_MODULES = YES;
				CLANG_ENABLE_OBJC_ARC = YES;
				CLANG_ENABLE_OBJC_WEAK = YES;
				CLANG_WARN_BLOCK_CAPTURE_AUTORELEASING = YES;
				CLANG_WARN_BOOL_CONVERSION = YES;
				CLANG_WARN_COMMA = YES;
				CLANG_WARN_CONSTANT_CONVERSION = YES;
				CLANG_WARN_DEPRECATED_OBJC_IMPLEMENTATIONS = YES;
				CLANG_WARN_DIRECT_OBJC_ISA_USAGE = YES_ERROR;
				CLANG_WARN_DOCUMENTATION_COMMENTS = YES;
				CLANG_WARN_EMPTY_BODY = YES;
				CLANG_WARN_ENUM_CONVERSION = YES;
				CLANG_WARN_INFINITE_RECURSION = YES;
				CLANG_WARN_INT_CONVERSION = YES;
				CLANG_WARN_NON_LITERAL_NULL_CONVERSION = YES;
				CLANG_WARN_OBJC_IMPLICIT_RETAIN_SELF = YES;
				CLANG_WARN_OBJC_LITERAL_CONVERSION = YES;
				CLANG_WARN_OBJC_ROOT_CLASS = YES_ERROR;
				CLANG_WARN_QUOTED_INCLUDE_IN_FRAMEWORK_HEADER = YES;
				CLANG_WARN_RANGE_LOOP_ANALYSIS = YES;
				CLANG_WARN_STRICT_PROTOTYPES = YES;
				CLANG_WARN_SUSPICIOUS_MOVE = YES;
				CLANG_WARN_UNGUARDED_AVAILABILITY = YES_AGGRESSIVE;
				CLANG_WARN_UNREACHABLE_CODE = YES;
				CLANG_WARN__DUPLICATE_METHOD_MATCH = YES;
				COPY_PHASE_STRIP = NO;
				DEBUG_INFORMATION_FORMAT = "dwarf-with-dsym";
				ENABLE_NS_ASSERTIONS = NO;
				ENABLE_STRICT_OBJC_MSGSEND = YES;
				GCC_C_LANGUAGE_STANDARD = gnu11;
				GCC_NO_COMMON_BLOCKS = YES;
				GCC_WARN_64_TO_32_BIT_CONVERSION = YES;
				GCC_WARN_ABOUT_RETURN_TYPE = YES_ERROR;
				GCC_WARN_UNDECLARED_SELECTOR = YES;
				GCC_WARN_UNINITIALIZED_AUTOS = YES_AGGRESSIVE;
				GCC_WARN_UNUSED_FUNCTION = YES;
				GCC_WARN_UNUSED_VARIABLE = YES;
				IPHONEOS_DEPLOYMENT_TARGET = 15.0;
				MTL_ENABLE_DEBUG_INFO = NO;
				MTL_FAST_MATH = YES;
				SDKROOT = iphoneos;
				SWIFT_COMPILATION_MODE = wholemodule;
				SWIFT_OPTIMIZATION_LEVEL = "-O";
				VALIDATE_PRODUCT = YES;
			};
			name = Release;
		};
		7AE58FAE27538CAF00177E04 /* Debug */ = {
			isa = XCBuildConfiguration;
			buildSettings = {
				ASSETCATALOG_COMPILER_APPICON_NAME = AppIcon;
				ASSETCATALOG_COMPILER_GLOBAL_ACCENT_COLOR_NAME = AccentColor;
				CODE_SIGN_STYLE = Automatic;
				CURRENT_PROJECT_VERSION = 1;
				DEVELOPMENT_TEAM = NR83J734B6;
				GENERATE_INFOPLIST_FILE = YES;
				INFOPLIST_FILE = nasser_lab18/Info.plist;
				INFOPLIST_KEY_UIApplicationSupportsIndirectInputEvents = YES;
				INFOPLIST_KEY_UILaunchStoryboardName = LaunchScreen;
				INFOPLIST_KEY_UIMainStoryboardFile = Main;
				INFOPLIST_KEY_UISupportedInterfaceOrientations_iPad = "UIInterfaceOrientationPortrait UIInterfaceOrientationPortraitUpsideDown UIInterfaceOrientationLandscapeLeft UIInterfaceOrientationLandscapeRight";
				INFOPLIST_KEY_UISupportedInterfaceOrientations_iPhone = "UIInterfaceOrientationPortrait UIInterfaceOrientationLandscapeLeft UIInterfaceOrientationLandscapeRight";
				LD_RUNPATH_SEARCH_PATHS = (
					"$(inherited)",
					"@executable_path/Frameworks",
				);
				MARKETING_VERSION = 1.0;
				PRODUCT_BUNDLE_IDENTIFIER = "n.aseeri.nasser-lab18";
				PRODUCT_NAME = "$(TARGET_NAME)";
				SWIFT_EMIT_LOC_STRINGS = YES;
				SWIFT_VERSION = 5.0;
				TARGETED_DEVICE_FAMILY = "1,2";
			};
			name = Debug;
		};
		7AE58FAF27538CAF00177E04 /* Release */ = {
			isa = XCBuildConfiguration;
			buildSettings = {
				ASSETCATALOG_COMPILER_APPICON_NAME = AppIcon;
				ASSETCATALOG_COMPILER_GLOBAL_ACCENT_COLOR_NAME = AccentColor;
				CODE_SIGN_STYLE = Automatic;
				CURRENT_PROJECT_VERSION = 1;
				DEVELOPMENT_TEAM = NR83J734B6;
				GENERATE_INFOPLIST_FILE = YES;
				INFOPLIST_FILE = nasser_lab18/Info.plist;
				INFOPLIST_KEY_UIApplicationSupportsIndirectInputEvents = YES;
				INFOPLIST_KEY_UILaunchStoryboardName = LaunchScreen;
				INFOPLIST_KEY_UIMainStoryboardFile = Main;
				INFOPLIST_KEY_UISupportedInterfaceOrientations_iPad = "UIInterfaceOrientationPortrait UIInterfaceOrientationPortraitUpsideDown UIInterfaceOrientationLandscapeLeft UIInterfaceOrientationLandscapeRight";
				INFOPLIST_KEY_UISupportedInterfaceOrientations_iPhone = "UIInterfaceOrientationPortrait UIInterfaceOrientationLandscapeLeft UIInterfaceOrientationLandscapeRight";
				LD_RUNPATH_SEARCH_PATHS = (
					"$(inherited)",
					"@executable_path/Frameworks",
				);
				MARKETING_VERSION = 1.0;
				PRODUCT_BUNDLE_IDENTIFIER = "n.aseeri.nasser-lab18";
				PRODUCT_NAME = "$(TARGET_NAME)";
				SWIFT_EMIT_LOC_STRINGS = YES;
				SWIFT_VERSION = 5.0;
				TARGETED_DEVICE_FAMILY = "1,2";
			};
			name = Release;
		};
		7AE58FB127538CAF00177E04 /* Debug */ = {
			isa = XCBuildConfiguration;
			buildSettings = {
				ALWAYS_EMBED_SWIFT_STANDARD_LIBRARIES = YES;
				BUNDLE_LOADER = "$(TEST_HOST)";
				CODE_SIGN_STYLE = Automatic;
				CURRENT_PROJECT_VERSION = 1;
				DEVELOPMENT_TEAM = NR83J734B6;
				GENERATE_INFOPLIST_FILE = YES;
				IPHONEOS_DEPLOYMENT_TARGET = 15.0;
				LD_RUNPATH_SEARCH_PATHS = (
					"$(inherited)",
					"@executable_path/Frameworks",
					"@loader_path/Frameworks",
				);
				MARKETING_VERSION = 1.0;
				PRODUCT_BUNDLE_IDENTIFIER = "n.aseeri.nasser-lab18Tests";
				PRODUCT_NAME = "$(TARGET_NAME)";
				SWIFT_EMIT_LOC_STRINGS = NO;
				SWIFT_VERSION = 5.0;
				TARGETED_DEVICE_FAMILY = "1,2";
				TEST_HOST = "$(BUILT_PRODUCTS_DIR)/nasser_lab18.app/nasser_lab18";
			};
			name = Debug;
		};
		7AE58FB227538CAF00177E04 /* Release */ = {
			isa = XCBuildConfiguration;
			buildSettings = {
				ALWAYS_EMBED_SWIFT_STANDARD_LIBRARIES = YES;
				BUNDLE_LOADER = "$(TEST_HOST)";
				CODE_SIGN_STYLE = Automatic;
				CURRENT_PROJECT_VERSION = 1;
				DEVELOPMENT_TEAM = NR83J734B6;
				GENERATE_INFOPLIST_FILE = YES;
				IPHONEOS_DEPLOYMENT_TARGET = 15.0;
				LD_RUNPATH_SEARCH_PATHS = (
					"$(inherited)",
					"@executable_path/Frameworks",
					"@loader_path/Frameworks",
				);
				MARKETING_VERSION = 1.0;
				PRODUCT_BUNDLE_IDENTIFIER = "n.aseeri.nasser-lab18Tests";
				PRODUCT_NAME = "$(TARGET_NAME)";
				SWIFT_EMIT_LOC_STRINGS = NO;
				SWIFT_VERSION = 5.0;
				TARGETED_DEVICE_FAMILY = "1,2";
				TEST_HOST = "$(BUILT_PRODUCTS_DIR)/nasser_lab18.app/nasser_lab18";
			};
			name = Release;
		};
		7AE58FB427538CAF00177E04 /* Debug */ = {
			isa = XCBuildConfiguration;
			buildSettings = {
				ALWAYS_EMBED_SWIFT_STANDARD_LIBRARIES = YES;
				CODE_SIGN_STYLE = Automatic;
				CURRENT_PROJECT_VERSION = 1;
				DEVELOPMENT_TEAM = NR83J734B6;
				GENERATE_INFOPLIST_FILE = YES;
				LD_RUNPATH_SEARCH_PATHS = (
					"$(inherited)",
					"@executable_path/Frameworks",
					"@loader_path/Frameworks",
				);
				MARKETING_VERSION = 1.0;
				PRODUCT_BUNDLE_IDENTIFIER = "n.aseeri.nasser-lab18UITests";
				PRODUCT_NAME = "$(TARGET_NAME)";
				SWIFT_EMIT_LOC_STRINGS = NO;
				SWIFT_VERSION = 5.0;
				TARGETED_DEVICE_FAMILY = "1,2";
				TEST_TARGET_NAME = nasser_lab18;
			};
			name = Debug;
		};
		7AE58FB527538CAF00177E04 /* Release */ = {
			isa = XCBuildConfiguration;
			buildSettings = {
				ALWAYS_EMBED_SWIFT_STANDARD_LIBRARIES = YES;
				CODE_SIGN_STYLE = Automatic;
				CURRENT_PROJECT_VERSION = 1;
				DEVELOPMENT_TEAM = NR83J734B6;
				GENERATE_INFOPLIST_FILE = YES;
				LD_RUNPATH_SEARCH_PATHS = (
					"$(inherited)",
					"@executable_path/Frameworks",
					"@loader_path/Frameworks",
				);
				MARKETING_VERSION = 1.0;
				PRODUCT_BUNDLE_IDENTIFIER = "n.aseeri.nasser-lab18UITests";
				PRODUCT_NAME = "$(TARGET_NAME)";
				SWIFT_EMIT_LOC_STRINGS = NO;
				SWIFT_VERSION = 5.0;
				TARGETED_DEVICE_FAMILY = "1,2";
				TEST_TARGET_NAME = nasser_lab18;
			};
			name = Release;
		};
/* End XCBuildConfiguration section */

/* Begin XCConfigurationList section */
		7AE58F7E27538CAE00177E04 /* Build configuration list for PBXProject "nasser_lab18" */ = {
			isa = XCConfigurationList;
			buildConfigurations = (
				7AE58FAB27538CAF00177E04 /* Debug */,
				7AE58FAC27538CAF00177E04 /* Release */,
			);
			defaultConfigurationIsVisible = 0;
			defaultConfigurationName = Release;
		};
		7AE58FAD27538CAF00177E04 /* Build configuration list for PBXNativeTarget "nasser_lab18" */ = {
			isa = XCConfigurationList;
			buildConfigurations = (
				7AE58FAE27538CAF00177E04 /* Debug */,
				7AE58FAF27538CAF00177E04 /* Release */,
			);
			defaultConfigurationIsVisible = 0;
			defaultConfigurationName = Release;
		};
		7AE58FB027538CAF00177E04 /* Build configuration list for PBXNativeTarget "nasser_lab18Tests" */ = {
			isa = XCConfigurationList;
			buildConfigurations = (
				7AE58FB127538CAF00177E04 /* Debug */,
				7AE58FB227538CAF00177E04 /* Release */,
			);
			defaultConfigurationIsVisible = 0;
			defaultConfigurationName = Release;
		};
		7AE58FB327538CAF00177E04 /* Build configuration list for PBXNativeTarget "nasser_lab18UITests" */ = {
			isa = XCConfigurationList;
			buildConfigurations = (
				7AE58FB427538CAF00177E04 /* Debug */,
				7AE58FB527538CAF00177E04 /* Release */,
			);
			defaultConfigurationIsVisible = 0;
			defaultConfigurationName = Release;
		};
/* End XCConfigurationList section */
	};
	rootObject = 7AE58F7B27538CAE00177E04 /* Project object */;
}
